
Microsoft Visual Studio Solution File, Format Version 12.00
# Visual Studio Version 16
VisualStudioVersion = 16.0.29613.14
MinimumVisualStudioVersion = 10.0.40219.1
Project("{FAE04EC0-301F-11D3-BF4B-00C04F79EFBC}") = "Vault", "Vault\Vault.csproj", "{AA205F59-46A2-4D1A-B795-B02CAE479DB7}"
EndProject
Project("{FAE04EC0-301F-11D3-BF4B-00C04F79EFBC}") = "VaultWebService", "VaultWebService\VaultWebService.csproj", "{64ADC01B-EB92-46C1-9230-3D5807588143}"
EndProject
Project("{FAE04EC0-301F-11D3-BF4B-00C04F79EFBC}") = "VaultCommonLibrary", "VaultCommonLibrary\VaultCommonLibrary.csproj", "{D862C388-FDBD-44D8-AF45-E78DF61C4770}"
EndProject
Global
	GlobalSection(SolutionConfigurationPlatforms) = preSolution
		Debug|Any CPU = Debug|Any CPU
		Release|Any CPU = Release|Any CPU
	EndGlobalSection
	GlobalSection(ProjectConfigurationPlatforms) = postSolution
		{AA205F59-46A2-4D1A-B795-B02CAE479DB7}.Debug|Any CPU.ActiveCfg = Debug|Any CPU
		{AA205F59-46A2-4D1A-B795-B02CAE479DB7}.Debug|Any CPU.Build.0 = Debug|Any CPU
		{AA205F59-46A2-4D1A-B795-B02CAE479DB7}.Release|Any CPU.ActiveCfg = Release|Any CPU
		{AA205F59-46A2-4D1A-B795-B02CAE479DB7}.Release|Any CPU.Build.0 = Release|Any CPU
		{64ADC01B-EB92-46C1-9230-3D5807588143}.Debug|Any CPU.ActiveCfg = Debug|Any CPU
		{64ADC01B-EB92-46C1-9230-3D5807588143}.Debug|Any CPU.Build.0 = Debug|Any CPU
		{64ADC01B-EB92-46C1-9230-3D5807588143}.Release|Any CPU.ActiveCfg = Release|Any CPU
		{64ADC01B-EB92-46C1-9230-3D5807588143}.Release|Any CPU.Build.0 = Release|Any CPU
		{D862C388-FDBD-44D8-AF45-E78DF61C4770}.Debug|Any CPU.ActiveCfg = Debug|Any CPU
		{D862C388-FDBD-44D8-AF45-E78DF61C4770}.Debug|Any CPU.Build.0 = Debug|Any CPU
		{D862C388-FDBD-44D8-AF45-E78DF61C4770}.Release|Any CPU.ActiveCfg = Release|Any CPU
		{D862C388-FDBD-44D8-AF45-E78DF61C4770}.Release|Any CPU.Build.0 = Release|Any CPU
	EndGlobalSection
	GlobalSection(SolutionProperties) = preSolution
		HideSolutionNode = FALSE
	EndGlobalSection
	GlobalSection(ExtensibilityGlobals) = postSolution
		SolutionGuid = {C27EFAEA-9F32-4147-9CE1-6ED082A433A0}
	EndGlobalSection
EndGlobal
